// !$*UTF8*$!
{
	archiveVersion = 1;
	classes = {
	};
	objectVersion = 56;
	objects = {

/* Begin PBXBuildFile section */
		844098D22A4EDEDF00E02543 /* ChildContentView.swift in Sources */ = {isa = PBXBuildFile; fileRef = 844098D12A4EDEDF00E02543 /* ChildContentView.swift */; };
		84C69DBA2A4C51C70097048C /* BasicLayoutView.swift in Sources */ = {isa = PBXBuildFile; fileRef = 84C69DB92A4C51C70097048C /* BasicLayoutView.swift */; };
		84C69DC12A4C52040097048C /* ItemView.swift in Sources */ = {isa = PBXBuildFile; fileRef = 84C69DBC2A4C52040097048C /* ItemView.swift */; };
		84C69DC22A4C52040097048C /* DemoZStack.swift in Sources */ = {isa = PBXBuildFile; fileRef = 84C69DBD2A4C52040097048C /* DemoZStack.swift */; };
		84C69DC32A4C52040097048C /* MonstarlabLogoView.swift in Sources */ = {isa = PBXBuildFile; fileRef = 84C69DBE2A4C52040097048C /* MonstarlabLogoView.swift */; };
		84C69DC42A4C52040097048C /* DemoHStack.swift in Sources */ = {isa = PBXBuildFile; fileRef = 84C69DBF2A4C52040097048C /* DemoHStack.swift */; };
		84C69DC52A4C52040097048C /* DemoVStack.swift in Sources */ = {isa = PBXBuildFile; fileRef = 84C69DC02A4C52040097048C /* DemoVStack.swift */; };
		84C69DC72A4C52B80097048C /* DemoGridView.swift in Sources */ = {isa = PBXBuildFile; fileRef = 84C69DC62A4C52B80097048C /* DemoGridView.swift */; };
		84C69DCA2A4C59860097048C /* AppViewModel.swift in Sources */ = {isa = PBXBuildFile; fileRef = 84C69DC92A4C59860097048C /* AppViewModel.swift */; };
		84F880ED2A49345300B4BC4B /* SwiftUILessonApp.swift in Sources */ = {isa = PBXBuildFile; fileRef = 84F880EC2A49345300B4BC4B /* SwiftUILessonApp.swift */; };
		84F880EF2A49345300B4BC4B /* ContentView.swift in Sources */ = {isa = PBXBuildFile; fileRef = 84F880EE2A49345300B4BC4B /* ContentView.swift */; };
		84F880F12A49345400B4BC4B /* Assets.xcassets in Resources */ = {isa = PBXBuildFile; fileRef = 84F880F02A49345400B4BC4B /* Assets.xcassets */; };
		84F880F42A49345400B4BC4B /* Preview Assets.xcassets in Resources */ = {isa = PBXBuildFile; fileRef = 84F880F32A49345400B4BC4B /* Preview Assets.xcassets */; };
/* End PBXBuildFile section */

/* Begin PBXFileReference section */
		844098D12A4EDEDF00E02543 /* ChildContentView.swift */ = {isa = PBXFileReference; lastKnownFileType = sourcecode.swift; path = ChildContentView.swift; sourceTree = "<group>"; };
		84C69DB92A4C51C70097048C /* BasicLayoutView.swift */ = {isa = PBXFileReference; lastKnownFileType = sourcecode.swift; path = BasicLayoutView.swift; sourceTree = "<group>"; };
		84C69DBC2A4C52040097048C /* ItemView.swift */ = {isa = PBXFileReference; fileEncoding = 4; lastKnownFileType = sourcecode.swift; path = ItemView.swift; sourceTree = "<group>"; };
		84C69DBD2A4C52040097048C /* DemoZStack.swift */ = {isa = PBXFileReference; fileEncoding = 4; lastKnownFileType = sourcecode.swift; path = DemoZStack.swift; sourceTree = "<group>"; };
		84C69DBE2A4C52040097048C /* MonstarlabLogoView.swift */ = {isa = PBXFileReference; fileEncoding = 4; lastKnownFileType = sourcecode.swift; path = MonstarlabLogoView.swift; sourceTree = "<group>"; };
		84C69DBF2A4C52040097048C /* DemoHStack.swift */ = {isa = PBXFileReference; fileEncoding = 4; lastKnownFileType = sourcecode.swift; path = DemoHStack.swift; sourceTree = "<group>"; };
		84C69DC02A4C52040097048C /* DemoVStack.swift */ = {isa = PBXFileReference; fileEncoding = 4; lastKnownFileType = sourcecode.swift; path = DemoVStack.swift; sourceTree = "<group>"; };
		84C69DC62A4C52B80097048C /* DemoGridView.swift */ = {isa = PBXFileReference; lastKnownFileType = sourcecode.swift; path = DemoGridView.swift; sourceTree = "<group>"; };
		84C69DC92A4C59860097048C /* AppViewModel.swift */ = {isa = PBXFileReference; lastKnownFileType = sourcecode.swift; path = AppViewModel.swift; sourceTree = "<group>"; };
		84F880E92A49345300B4BC4B /* SwiftUILesson.app */ = {isa = PBXFileReference; explicitFileType = wrapper.application; includeInIndex = 0; path = SwiftUILesson.app; sourceTree = BUILT_PRODUCTS_DIR; };
		84F880EC2A49345300B4BC4B /* SwiftUILessonApp.swift */ = {isa = PBXFileReference; lastKnownFileType = sourcecode.swift; path = SwiftUILessonApp.swift; sourceTree = "<group>"; };
		84F880EE2A49345300B4BC4B /* ContentView.swift */ = {isa = PBXFileReference; lastKnownFileType = sourcecode.swift; path = ContentView.swift; sourceTree = "<group>"; };
		84F880F02A49345400B4BC4B /* Assets.xcassets */ = {isa = PBXFileReference; lastKnownFileType = folder.assetcatalog; path = Assets.xcassets; sourceTree = "<group>"; };
		84F880F32A49345400B4BC4B /* Preview Assets.xcassets */ = {isa = PBXFileReference; lastKnownFileType = folder.assetcatalog; path = "Preview Assets.xcassets"; sourceTree = "<group>"; };
/* End PBXFileReference section */

/* Begin PBXFrameworksBuildPhase section */
		84F880E62A49345300B4BC4B /* Frameworks */ = {
			isa = PBXFrameworksBuildPhase;
			buildActionMask = 2147483647;
			files = (
			);
			runOnlyForDeploymentPostprocessing = 0;
		};
/* End PBXFrameworksBuildPhase section */

/* Begin PBXGroup section */
		84C69DBB2A4C52040097048C /* Layouts */ = {
			isa = PBXGroup;
			children = (
				84C69DBC2A4C52040097048C /* ItemView.swift */,
				84C69DBD2A4C52040097048C /* DemoZStack.swift */,
				84C69DBE2A4C52040097048C /* MonstarlabLogoView.swift */,
				84C69DBF2A4C52040097048C /* DemoHStack.swift */,
				84C69DC02A4C52040097048C /* DemoVStack.swift */,
				84C69DC62A4C52B80097048C /* DemoGridView.swift */,
			);
			path = Layouts;
			sourceTree = "<group>";
		};
		84C69DC82A4C59760097048C /* ViewModels */ = {
			isa = PBXGroup;
			children = (
				84C69DC92A4C59860097048C /* AppViewModel.swift */,
			);
			path = ViewModels;
			sourceTree = "<group>";
		};
		84F880E02A49345300B4BC4B = {
			isa = PBXGroup;
			children = (
				84F880EB2A49345300B4BC4B /* SwiftUILesson */,
				84F880EA2A49345300B4BC4B /* Products */,
			);
			sourceTree = "<group>";
		};
		84F880EA2A49345300B4BC4B /* Products */ = {
			isa = PBXGroup;
			children = (
				84F880E92A49345300B4BC4B /* SwiftUILesson.app */,
			);
			name = Products;
			sourceTree = "<group>";
		};
		84F880EB2A49345300B4BC4B /* SwiftUILesson */ = {
			isa = PBXGroup;
			children = (
				84C69DC82A4C59760097048C /* ViewModels */,
				84C69DBB2A4C52040097048C /* Layouts */,
				84C69DB92A4C51C70097048C /* BasicLayoutView.swift */,
				84F880EC2A49345300B4BC4B /* SwiftUILessonApp.swift */,
				844098D12A4EDEDF00E02543 /* ChildContentView.swift */,
				84F880EE2A49345300B4BC4B /* ContentView.swift */,
				84F880F02A49345400B4BC4B /* Assets.xcassets */,
				84F880F22A49345400B4BC4B /* Preview Content */,
			);
			path = SwiftUILesson;
			sourceTree = "<group>";
		};
		84F880F22A49345400B4BC4B /* Preview Content */ = {
			isa = PBXGroup;
			children = (
				84F880F32A49345400B4BC4B /* Preview Assets.xcassets */,
			);
			path = "Preview Content";
			sourceTree = "<group>";
		};
/* End PBXGroup section */

/* Begin PBXNativeTarget section */
		84F880E82A49345300B4BC4B /* SwiftUILesson */ = {
			isa = PBXNativeTarget;
			buildConfigurationList = 84F880F72A49345400B4BC4B /* Build configuration list for PBXNativeTarget "SwiftUILesson" */;
			buildPhases = (
				84F880E52A49345300B4BC4B /* Sources */,
				84F880E62A49345300B4BC4B /* Frameworks */,
				84F880E72A49345300B4BC4B /* Resources */,
			);
			buildRules = (
			);
			dependencies = (
			);
			name = SwiftUILesson;
			productName = SwiftUILesson;
			productReference = 84F880E92A49345300B4BC4B /* SwiftUILesson.app */;
			productType = "com.apple.product-type.application";
		};
/* End PBXNativeTarget section */

/* Begin PBXProject section */
		84F880E12A49345300B4BC4B /* Project object */ = {
			isa = PBXProject;
			attributes = {
				BuildIndependentTargetsInParallel = 1;
				LastSwiftUpdateCheck = 1430;
				LastUpgradeCheck = 1430;
				TargetAttributes = {
					84F880E82A49345300B4BC4B = {
						CreatedOnToolsVersion = 14.3.1;
					};
				};
			};
			buildConfigurationList = 84F880E42A49345300B4BC4B /* Build configuration list for PBXProject "SwiftUILesson" */;
			compatibilityVersion = "Xcode 14.0";
			developmentRegion = en;
			hasScannedForEncodings = 0;
			knownRegions = (
				en,
				Base,
			);
			mainGroup = 84F880E02A49345300B4BC4B;
			productRefGroup = 84F880EA2A49345300B4BC4B /* Products */;
			projectDirPath = "";
			projectRoot = "";
			targets = (
				84F880E82A49345300B4BC4B /* SwiftUILesson */,
			);
		};
/* End PBXProject section */

/* Begin PBXResourcesBuildPhase section */
		84F880E72A49345300B4BC4B /* Resources */ = {
			isa = PBXResourcesBuildPhase;
			buildActionMask = 2147483647;
			files = (
				84F880F42A49345400B4BC4B /* Preview Assets.xcassets in Resources */,
				84F880F12A49345400B4BC4B /* Assets.xcassets in Resources */,
			);
			runOnlyForDeploymentPostprocessing = 0;
		};
/* End PBXResourcesBuildPhase section */

/* Begin PBXSourcesBuildPhase section */
		84F880E52A49345300B4BC4B /* Sources */ = {
			isa = PBXSourcesBuildPhase;
			buildActionMask = 2147483647;
			files = (
				84C69DCA2A4C59860097048C /* AppViewModel.swift in Sources */,
				84C69DC32A4C52040097048C /* MonstarlabLogoView.swift in Sources */,
				84C69DBA2A4C51C70097048C /* BasicLayoutView.swift in Sources */,
				84C69DC22A4C52040097048C /* DemoZStack.swift in Sources */,
				844098D22A4EDEDF00E02543 /* ChildContentView.swift in Sources */,
				84F880EF2A49345300B4BC4B /* ContentView.swift in Sources */,
				84C69DC52A4C52040097048C /* DemoVStack.swift in Sources */,
				84F880ED2A49345300B4BC4B /* SwiftUILessonApp.swift in Sources */,
				84C69DC72A4C52B80097048C /* DemoGridView.swift in Sources */,
				84C69DC42A4C52040097048C /* DemoHStack.swift in Sources */,
				84C69DC12A4C52040097048C /* ItemView.swift in Sources */,
			);
			runOnlyForDeploymentPostprocessing = 0;
		};
/* End PBXSourcesBuildPhase section */

/* Begin XCBuildConfiguration section */
		84F880F52A49345400B4BC4B /* Debug */ = {
			isa = XCBuildConfiguration;
			buildSettings = {
				ALWAYS_SEARCH_USER_PATHS = NO;
				CLANG_ANALYZER_NONNULL = YES;
				CLANG_ANALYZER_NUMBER_OBJECT_CONVERSION = YES_AGGRESSIVE;
				CLANG_CXX_LANGUAGE_STANDARD = "gnu++20";
				CLANG_ENABLE_MODULES = YES;
				CLANG_ENABLE_OBJC_ARC = YES;
				CLANG_ENABLE_OBJC_WEAK = YES;
				CLANG_WARN_BLOCK_CAPTURE_AUTORELEASING = YES;
				CLANG_WARN_BOOL_CONVERSION = YES;
				CLANG_WARN_COMMA = YES;
				CLANG_WARN_CONSTANT_CONVERSION = YES;
				CLANG_WARN_DEPRECATED_OBJC_IMPLEMENTATIONS = YES;
				CLANG_WARN_DIRECT_OBJC_ISA_USAGE = YES_ERROR;
				CLANG_WARN_DOCUMENTATION_COMMENTS = YES;
				CLANG_WARN_EMPTY_BODY = YES;
				CLANG_WARN_ENUM_CONVERSION = YES;
				CLANG_WARN_INFINITE_RECURSION = YES;
				CLANG_WARN_INT_CONVERSION = YES;
				CLANG_WARN_NON_LITERAL_NULL_CONVERSION = YES;
				CLANG_WARN_OBJC_IMPLICIT_RETAIN_SELF = YES;
				CLANG_WARN_OBJC_LITERAL_CONVERSION = YES;
				CLANG_WARN_OBJC_ROOT_CLASS = YES_ERROR;
				CLANG_WARN_QUOTED_INCLUDE_IN_FRAMEWORK_HEADER = YES;
				CLANG_WARN_RANGE_LOOP_ANALYSIS = YES;
				CLANG_WARN_STRICT_PROTOTYPES = YES;
				CLANG_WARN_SUSPICIOUS_MOVE = YES;
				CLANG_WARN_UNGUARDED_AVAILABILITY = YES_AGGRESSIVE;
				CLANG_WARN_UNREACHABLE_CODE = YES;
				CLANG_WARN__DUPLICATE_METHOD_MATCH = YES;
				COPY_PHASE_STRIP = NO;
				DEBUG_INFORMATION_FORMAT = dwarf;
				ENABLE_STRICT_OBJC_MSGSEND = YES;
				ENABLE_TESTABILITY = YES;
				GCC_C_LANGUAGE_STANDARD = gnu11;
				GCC_DYNAMIC_NO_PIC = NO;
				GCC_NO_COMMON_BLOCKS = YES;
				GCC_OPTIMIZATION_LEVEL = 0;
				GCC_PREPROCESSOR_DEFINITIONS = (
					"DEBUG=1",
					"$(inherited)",
				);
				GCC_WARN_64_TO_32_BIT_CONVERSION = YES;
				GCC_WARN_ABOUT_RETURN_TYPE = YES_ERROR;
				GCC_WARN_UNDECLARED_SELECTOR = YES;
				GCC_WARN_UNINITIALIZED_AUTOS = YES_AGGRESSIVE;
				GCC_WARN_UNUSED_FUNCTION = YES;
				GCC_WARN_UNUSED_VARIABLE = YES;
				IPHONEOS_DEPLOYMENT_TARGET = 16.4;
				MTL_ENABLE_DEBUG_INFO = INCLUDE_SOURCE;
				MTL_FAST_MATH = YES;
				ONLY_ACTIVE_ARCH = YES;
				SDKROOT = iphoneos;
				SWIFT_ACTIVE_COMPILATION_CONDITIONS = DEBUG;
				SWIFT_OPTIMIZATION_LEVEL = "-Onone";
			};
			name = Debug;
		};
		84F880F62A49345400B4BC4B /* Release */ = {
			isa = XCBuildConfiguration;
			buildSettings = {
				ALWAYS_SEARCH_USER_PATHS = NO;
				CLANG_ANALYZER_NONNULL = YES;
				CLANG_ANALYZER_NUMBER_OBJECT_CONVERSION = YES_AGGRESSIVE;
				CLANG_CXX_LANGUAGE_STANDARD = "gnu++20";
				CLANG_ENABLE_MODULES = YES;
				CLANG_ENABLE_OBJC_ARC = YES;
				CLANG_ENABLE_OBJC_WEAK = YES;
				CLANG_WARN_BLOCK_CAPTURE_AUTORELEASING = YES;
				CLANG_WARN_BOOL_CONVERSION = YES;
				CLANG_WARN_COMMA = YES;
				CLANG_WARN_CONSTANT_CONVERSION = YES;
				CLANG_WARN_DEPRECATED_OBJC_IMPLEMENTATIONS = YES;
				CLANG_WARN_DIRECT_OBJC_ISA_USAGE = YES_ERROR;
				CLANG_WARN_DOCUMENTATION_COMMENTS = YES;
				CLANG_WARN_EMPTY_BODY = YES;
				CLANG_WARN_ENUM_CONVERSION = YES;
				CLANG_WARN_INFINITE_RECURSION = YES;
				CLANG_WARN_INT_CONVERSION = YES;
				CLANG_WARN_NON_LITERAL_NULL_CONVERSION = YES;
				CLANG_WARN_OBJC_IMPLICIT_RETAIN_SELF = YES;
				CLANG_WARN_OBJC_LITERAL_CONVERSION = YES;
				CLANG_WARN_OBJC_ROOT_CLASS = YES_ERROR;
				CLANG_WARN_QUOTED_INCLUDE_IN_FRAMEWORK_HEADER = YES;
				CLANG_WARN_RANGE_LOOP_ANALYSIS = YES;
				CLANG_WARN_STRICT_PROTOTYPES = YES;
				CLANG_WARN_SUSPICIOUS_MOVE = YES;
				CLANG_WARN_UNGUARDED_AVAILABILITY = YES_AGGRESSIVE;
				CLANG_WARN_UNREACHABLE_CODE = YES;
				CLANG_WARN__DUPLICATE_METHOD_MATCH = YES;
				COPY_PHASE_STRIP = NO;
				DEBUG_INFORMATION_FORMAT = "dwarf-with-dsym";
				ENABLE_NS_ASSERTIONS = NO;
				ENABLE_STRICT_OBJC_MSGSEND = YES;
				GCC_C_LANGUAGE_STANDARD = gnu11;
				GCC_NO_COMMON_BLOCKS = YES;
				GCC_WARN_64_TO_32_BIT_CONVERSION = YES;
				GCC_WARN_ABOUT_RETURN_TYPE = YES_ERROR;
				GCC_WARN_UNDECLARED_SELECTOR = YES;
				GCC_WARN_UNINITIALIZED_AUTOS = YES_AGGRESSIVE;
				GCC_WARN_UNUSED_FUNCTION = YES;
				GCC_WARN_UNUSED_VARIABLE = YES;
				IPHONEOS_DEPLOYMENT_TARGET = 16.4;
				MTL_ENABLE_DEBUG_INFO = NO;
				MTL_FAST_MATH = YES;
				SDKROOT = iphoneos;
				SWIFT_COMPILATION_MODE = wholemodule;
				SWIFT_OPTIMIZATION_LEVEL = "-O";
				VALIDATE_PRODUCT = YES;
			};
			name = Release;
		};
		84F880F82A49345400B4BC4B /* Debug */ = {
			isa = XCBuildConfiguration;
			buildSettings = {
				ASSETCATALOG_COMPILER_APPICON_NAME = AppIcon;
				ASSETCATALOG_COMPILER_GLOBAL_ACCENT_COLOR_NAME = AccentColor;
				CODE_SIGN_STYLE = Automatic;
				CURRENT_PROJECT_VERSION = 1;
				DEVELOPMENT_ASSET_PATHS = "\"SwiftUILesson/Preview Content\"";
				DEVELOPMENT_TEAM = RZ945Q3GMB;
				ENABLE_PREVIEWS = YES;
				GENERATE_INFOPLIST_FILE = YES;
				INFOPLIST_KEY_UIApplicationSceneManifest_Generation = YES;
				INFOPLIST_KEY_UIApplicationSupportsIndirectInputEvents = YES;
				INFOPLIST_KEY_UILaunchScreen_Generation = YES;
				INFOPLIST_KEY_UISupportedInterfaceOrientations_iPad = "UIInterfaceOrientationPortrait UIInterfaceOrientationPortraitUpsideDown UIInterfaceOrientationLandscapeLeft UIInterfaceOrientationLandscapeRight";
				INFOPLIST_KEY_UISupportedInterfaceOrientations_iPhone = "UIInterfaceOrientationPortrait UIInterfaceOrientationLandscapeLeft UIInterfaceOrientationLandscapeRight";
				LD_RUNPATH_SEARCH_PATHS = (
					"$(inherited)",
					"@executable_path/Frameworks",
				);
				MARKETING_VERSION = 1.0;
				PRODUCT_BUNDLE_IDENTIFIER = com.example.SwiftUILesson;
				PRODUCT_NAME = "$(TARGET_NAME)";
				SWIFT_EMIT_LOC_STRINGS = YES;
				SWIFT_VERSION = 5.0;
				TARGETED_DEVICE_FAMILY = "1,2";
			};
			name = Debug;
		};
		84F880F92A49345400B4BC4B /* Release */ = {
			isa = XCBuildConfiguration;
			buildSettings = {
				ASSETCATALOG_COMPILER_APPICON_NAME = AppIcon;
				ASSETCATALOG_COMPILER_GLOBAL_ACCENT_COLOR_NAME = AccentColor;
				CODE_SIGN_STYLE = Automatic;
				CURRENT_PROJECT_VERSION = 1;
				DEVELOPMENT_ASSET_PATHS = "\"SwiftUILesson/Preview Content\"";
				DEVELOPMENT_TEAM = RZ945Q3GMB;
				ENABLE_PREVIEWS = YES;
				GENERATE_INFOPLIST_FILE = YES;
				INFOPLIST_KEY_UIApplicationSceneManifest_Generation = YES;
				INFOPLIST_KEY_UIApplicationSupportsIndirectInputEvents = YES;
				INFOPLIST_KEY_UILaunchScreen_Generation = YES;
				INFOPLIST_KEY_UISupportedInterfaceOrientations_iPad = "UIInterfaceOrientationPortrait UIInterfaceOrientationPortraitUpsideDown UIInterfaceOrientationLandscapeLeft UIInterfaceOrientationLandscapeRight";
				INFOPLIST_KEY_UISupportedInterfaceOrientations_iPhone = "UIInterfaceOrientationPortrait UIInterfaceOrientationLandscapeLeft UIInterfaceOrientationLandscapeRight";
				LD_RUNPATH_SEARCH_PATHS = (
					"$(inherited)",
					"@executable_path/Frameworks",
				);
				MARKETING_VERSION = 1.0;
				PRODUCT_BUNDLE_IDENTIFIER = com.example.SwiftUILesson;
				PRODUCT_NAME = "$(TARGET_NAME)";
				SWIFT_EMIT_LOC_STRINGS = YES;
				SWIFT_VERSION = 5.0;
				TARGETED_DEVICE_FAMILY = "1,2";
			};
			name = Release;
		};
/* End XCBuildConfiguration section */

/* Begin XCConfigurationList section */
		84F880E42A49345300B4BC4B /* Build configuration list for PBXProject "SwiftUILesson" */ = {
			isa = XCConfigurationList;
			buildConfigurations = (
				84F880F52A49345400B4BC4B /* Debug */,
				84F880F62A49345400B4BC4B /* Release */,
			);
			defaultConfigurationIsVisible = 0;
			defaultConfigurationName = Release;
		};
		84F880F72A49345400B4BC4B /* Build configuration list for PBXNativeTarget "SwiftUILesson" */ = {
			isa = XCConfigurationList;
			buildConfigurations = (
				84F880F82A49345400B4BC4B /* Debug */,
				84F880F92A49345400B4BC4B /* Release */,
			);
			defaultConfigurationIsVisible = 0;
			defaultConfigurationName = Release;
		};
/* End XCConfigurationList section */
	};
	rootObject = 84F880E12A49345300B4BC4B /* Project object */;
}
